

Microsoft Visual Studio Solution File, Format Version 12.00
# Visual Studio Version 17
VisualStudioVersion = 17.0.31903.59
MinimumVisualStudioVersion = 10.0.40219.1
Project("{2150E333-8FDC-42A3-9474-1A3956D46DE8}") = "src", "src", "{827E0CD3-B72D-47B6-A68D-7590B98EB39B}"
EndProject
Project("{FAE04EC0-301F-11D3-BF4B-00C04F79EFBC}") = "PostyLand.API", "src\PostyLand.API\PostyLand.API.csproj", "{42899652-6008-4C5A-B7CA-F3A54C249351}"
EndProject
Project("{FAE04EC0-301F-11D3-BF4B-00C04F79EFBC}") = "PostyLand.Application", "src\PostyLand.Application\PostyLand.Application.csproj", "{A1C04DF1-5702-459B-B8E2-BF6491E03A9D}"
EndProject
Project("{FAE04EC0-301F-11D3-BF4B-00C04F79EFBC}") = "PostyLand.Domain", "src\PostyLand.Domain\PostyLand.Domain.csproj", "{D7437EE5-6A37-409B-A3B5-03C5C01E1360}"
EndProject
Project("{FAE04EC0-301F-11D3-BF4B-00C04F79EFBC}") = "PostyLand.Persistence", "src\PostyLand.Persistence\PostyLand.Persistence.csproj", "{66C31901-F32B-49D6-808B-2EEF1B3A3D2A}"
EndProject
Project("{FAE04EC0-301F-11D3-BF4B-00C04F79EFBC}") = "PostyLand.Infrastructure", "src\PostyLand.Infrastructure\PostyLand.Infrastructure.csproj", "{DDF9DCCD-028D-42F9-AF15-73D0AD450000}"
EndProject
Project("{2150E333-8FDC-42A3-9474-1A3956D46DE8}") = "tests", "tests", "{0AB3BF05-4346-4AA6-1389-037BE0695223}"
EndProject
Project("{FAE04EC0-301F-11D3-BF4B-00C04F79EFBC}") = "PostyLand.IntegrationTests", "tests\PostyLand.IntegrationTests\PostyLand.IntegrationTests.csproj", "{0BA83FF3-7EDF-47BC-86E1-831A1F21B173}"
EndProject
Global
	GlobalSection(SolutionConfigurationPlatforms) = preSolution
		Debug|Any CPU = Debug|Any CPU
		Debug|x64 = Debug|x64
		Debug|x86 = Debug|x86
		Release|Any CPU = Release|Any CPU
		Release|x64 = Release|x64
		Release|x86 = Release|x86
	EndGlobalSection
	GlobalSection(ProjectConfigurationPlatforms) = postSolution
		{42899652-6008-4C5A-B7CA-F3A54C249351}.Debug|Any CPU.ActiveCfg = Debug|Any CPU
		{42899652-6008-4C5A-B7CA-F3A54C249351}.Debug|Any CPU.Build.0 = Debug|Any CPU
		{42899652-6008-4C5A-B7CA-F3A54C249351}.Debug|x64.ActiveCfg = Debug|Any CPU
		{42899652-6008-4C5A-B7CA-F3A54C249351}.Debug|x64.Build.0 = Debug|Any CPU
		{42899652-6008-4C5A-B7CA-F3A54C249351}.Debug|x86.ActiveCfg = Debug|Any CPU
		{42899652-6008-4C5A-B7CA-F3A54C249351}.Debug|x86.Build.0 = Debug|Any CPU
		{42899652-6008-4C5A-B7CA-F3A54C249351}.Release|Any CPU.ActiveCfg = Release|Any CPU
		{42899652-6008-4C5A-B7CA-F3A54C249351}.Release|Any CPU.Build.0 = Release|Any CPU
		{42899652-6008-4C5A-B7CA-F3A54C249351}.Release|x64.ActiveCfg = Release|Any CPU
		{42899652-6008-4C5A-B7CA-F3A54C249351}.Release|x64.Build.0 = Release|Any CPU
		{42899652-6008-4C5A-B7CA-F3A54C249351}.Release|x86.ActiveCfg = Release|Any CPU
		{42899652-6008-4C5A-B7CA-F3A54C249351}.Release|x86.Build.0 = Release|Any CPU
		{A1C04DF1-5702-459B-B8E2-BF6491E03A9D}.Debug|Any CPU.ActiveCfg = Debug|Any CPU
		{A1C04DF1-5702-459B-B8E2-BF6491E03A9D}.Debug|Any CPU.Build.0 = Debug|Any CPU
		{A1C04DF1-5702-459B-B8E2-BF6491E03A9D}.Debug|x64.ActiveCfg = Debug|Any CPU
		{A1C04DF1-5702-459B-B8E2-BF6491E03A9D}.Debug|x64.Build.0 = Debug|Any CPU
		{A1C04DF1-5702-459B-B8E2-BF6491E03A9D}.Debug|x86.ActiveCfg = Debug|Any CPU
		{A1C04DF1-5702-459B-B8E2-BF6491E03A9D}.Debug|x86.Build.0 = Debug|Any CPU
		{A1C04DF1-5702-459B-B8E2-BF6491E03A9D}.Release|Any CPU.ActiveCfg = Release|Any CPU
		{A1C04DF1-5702-459B-B8E2-BF6491E03A9D}.Release|Any CPU.Build.0 = Release|Any CPU
		{A1C04DF1-5702-459B-B8E2-BF6491E03A9D}.Release|x64.ActiveCfg = Release|Any CPU
		{A1C04DF1-5702-459B-B8E2-BF6491E03A9D}.Release|x64.Build.0 = Release|Any CPU
		{A1C04DF1-5702-459B-B8E2-BF6491E03A9D}.Release|x86.ActiveCfg = Release|Any CPU
		{A1C04DF1-5702-459B-B8E2-BF6491E03A9D}.Release|x86.Build.0 = Release|Any CPU
		{D7437EE5-6A37-409B-A3B5-03C5C01E1360}.Debug|Any CPU.ActiveCfg = Debug|Any CPU
		{D7437EE5-6A37-409B-A3B5-03C5C01E1360}.Debug|Any CPU.Build.0 = Debug|Any CPU
		{D7437EE5-6A37-409B-A3B5-03C5C01E1360}.Debug|x64.ActiveCfg = Debug|Any CPU
		{D7437EE5-6A37-409B-A3B5-03C5C01E1360}.Debug|x64.Build.0 = Debug|Any CPU
		{D7437EE5-6A37-409B-A3B5-03C5C01E1360}.Debug|x86.ActiveCfg = Debug|Any CPU
		{D7437EE5-6A37-409B-A3B5-03C5C01E1360}.Debug|x86.Build.0 = Debug|Any CPU
		{D7437EE5-6A37-409B-A3B5-03C5C01E1360}.Release|Any CPU.ActiveCfg = Release|Any CPU
		{D7437EE5-6A37-409B-A3B5-03C5C01E1360}.Release|Any CPU.Build.0 = Release|Any CPU
		{D7437EE5-6A37-409B-A3B5-03C5C01E1360}.Release|x64.ActiveCfg = Release|Any CPU
		{D7437EE5-6A37-409B-A3B5-03C5C01E1360}.Release|x64.Build.0 = Release|Any CPU
		{D7437EE5-6A37-409B-A3B5-03C5C01E1360}.Release|x86.ActiveCfg = Release|Any CPU
		{D7437EE5-6A37-409B-A3B5-03C5C01E1360}.Release|x86.Build.0 = Release|Any CPU
		{66C31901-F32B-49D6-808B-2EEF1B3A3D2A}.Debug|Any CPU.ActiveCfg = Debug|Any CPU
		{66C31901-F32B-49D6-808B-2EEF1B3A3D2A}.Debug|Any CPU.Build.0 = Debug|Any CPU
		{66C31901-F32B-49D6-808B-2EEF1B3A3D2A}.Debug|x64.ActiveCfg = Debug|Any CPU
		{66C31901-F32B-49D6-808B-2EEF1B3A3D2A}.Debug|x64.Build.0 = Debug|Any CPU
		{66C31901-F32B-49D6-808B-2EEF1B3A3D2A}.Debug|x86.ActiveCfg = Debug|Any CPU
		{66C31901-F32B-49D6-808B-2EEF1B3A3D2A}.Debug|x86.Build.0 = Debug|Any CPU
		{66C31901-F32B-49D6-808B-2EEF1B3A3D2A}.Release|Any CPU.ActiveCfg = Release|Any CPU
		{66C31901-F32B-49D6-808B-2EEF1B3A3D2A}.Release|Any CPU.Build.0 = Release|Any CPU
		{66C31901-F32B-49D6-808B-2EEF1B3A3D2A}.Release|x64.ActiveCfg = Release|Any CPU
		{66C31901-F32B-49D6-808B-2EEF1B3A3D2A}.Release|x64.Build.0 = Release|Any CPU
		{66C31901-F32B-49D6-808B-2EEF1B3A3D2A}.Release|x86.ActiveCfg = Release|Any CPU
		{66C31901-F32B-49D6-808B-2EEF1B3A3D2A}.Release|x86.Build.0 = Release|Any CPU
		{DDF9DCCD-028D-42F9-AF15-73D0AD450000}.Debug|Any CPU.ActiveCfg = Debug|Any CPU
		{DDF9DCCD-028D-42F9-AF15-73D0AD450000}.Debug|Any CPU.Build.0 = Debug|Any CPU
		{DDF9DCCD-028D-42F9-AF15-73D0AD450000}.Debug|x64.ActiveCfg = Debug|Any CPU
		{DDF9DCCD-028D-42F9-AF15-73D0AD450000}.Debug|x64.Build.0 = Debug|Any CPU
		{DDF9DCCD-028D-42F9-AF15-73D0AD450000}.Debug|x86.ActiveCfg = Debug|Any CPU
		{DDF9DCCD-028D-42F9-AF15-73D0AD450000}.Debug|x86.Build.0 = Debug|Any CPU
		{DDF9DCCD-028D-42F9-AF15-73D0AD450000}.Release|Any CPU.ActiveCfg = Release|Any CPU
		{DDF9DCCD-028D-42F9-AF15-73D0AD450000}.Release|Any CPU.Build.0 = Release|Any CPU
		{DDF9DCCD-028D-42F9-AF15-73D0AD450000}.Release|x64.ActiveCfg = Release|Any CPU
		{DDF9DCCD-028D-42F9-AF15-73D0AD450000}.Release|x64.Build.0 = Release|Any CPU
		{DDF9DCCD-028D-42F9-AF15-73D0AD450000}.Release|x86.ActiveCfg = Release|Any CPU
		{DDF9DCCD-028D-42F9-AF15-73D0AD450000}.Release|x86.Build.0 = Release|Any CPU
		{0BA83FF3-7EDF-47BC-86E1-831A1F21B173}.Debug|Any CPU.ActiveCfg = Debug|Any CPU
		{0BA83FF3-7EDF-47BC-86E1-831A1F21B173}.Debug|Any CPU.Build.0 = Debug|Any CPU
		{0BA83FF3-7EDF-47BC-86E1-831A1F21B173}.Debug|x64.ActiveCfg = Debug|Any CPU
		{0BA83FF3-7EDF-47BC-86E1-831A1F21B173}.Debug|x64.Build.0 = Debug|Any CPU
		{0BA83FF3-7EDF-47BC-86E1-831A1F21B173}.Debug|x86.ActiveCfg = Debug|Any CPU
		{0BA83FF3-7EDF-47BC-86E1-831A1F21B173}.Debug|x86.Build.0 = Debug|Any CPU
		{0BA83FF3-7EDF-47BC-86E1-831A1F21B173}.Release|Any CPU.ActiveCfg = Release|Any CPU
		{0BA83FF3-7EDF-47BC-86E1-831A1F21B173}.Release|Any CPU.Build.0 = Release|Any CPU
		{0BA83FF3-7EDF-47BC-86E1-831A1F21B173}.Release|x64.ActiveCfg = Release|Any CPU
		{0BA83FF3-7EDF-47BC-86E1-831A1F21B173}.Release|x64.Build.0 = Release|Any CPU
		{0BA83FF3-7EDF-47BC-86E1-831A1F21B173}.Release|x86.ActiveCfg = Release|Any CPU
		{0BA83FF3-7EDF-47BC-86E1-831A1F21B173}.Release|x86.Build.0 = Release|Any CPU
	EndGlobalSection
	GlobalSection(SolutionProperties) = preSolution
		HideSolutionNode = FALSE
	EndGlobalSection
	GlobalSection(NestedProjects) = preSolution
		{42899652-6008-4C5A-B7CA-F3A54C249351} = {827E0CD3-B72D-47B6-A68D-7590B98EB39B}
		{A1C04DF1-5702-459B-B8E2-BF6491E03A9D} = {827E0CD3-B72D-47B6-A68D-7590B98EB39B}
		{D7437EE5-6A37-409B-A3B5-03C5C01E1360} = {827E0CD3-B72D-47B6-A68D-7590B98EB39B}
		{66C31901-F32B-49D6-808B-2EEF1B3A3D2A} = {827E0CD3-B72D-47B6-A68D-7590B98EB39B}
		{DDF9DCCD-028D-42F9-AF15-73D0AD450000} = {827E0CD3-B72D-47B6-A68D-7590B98EB39B}
		{0BA83FF3-7EDF-47BC-86E1-831A1F21B173} = {0AB3BF05-4346-4AA6-1389-037BE0695223}
	EndGlobalSection
EndGlobal
